
Microsoft Visual Studio Solution File, Format Version 12.00
# Visual Studio 15
VisualStudioVersion = 15.0.33026.149
MinimumVisualStudioVersion = 10.0.40219.1
Project("{FAE04EC0-301F-11D3-BF4B-00C04F79EFBC}") = "Rental", "Rental\Rental.csproj", "{C5B12AC7-B648-4C62-B7F7-487E71EC86A2}"
EndProject
Global
	GlobalSection(SolutionConfigurationPlatforms) = preSolution
		Debug|Any CPU = Debug|Any CPU
		Release|Any CPU = Release|Any CPU
	EndGlobalSection
	GlobalSection(ProjectConfigurationPlatforms) = postSolution
		{C5B12AC7-B648-4C62-B7F7-487E71EC86A2}.Debug|Any CPU.ActiveCfg = Debug|Any CPU
		{C5B12AC7-B648-4C62-B7F7-487E71EC86A2}.Debug|Any CPU.Build.0 = Debug|Any CPU
		{C5B12AC7-B648-4C62-B7F7-487E71EC86A2}.Release|Any CPU.ActiveCfg = Release|Any CPU
		{C5B12AC7-B648-4C62-B7F7-487E71EC86A2}.Release|Any CPU.Build.0 = Release|Any CPU
	EndGlobalSection
	GlobalSection(SolutionProperties) = preSolution
		HideSolutionNode = FALSE
	EndGlobalSection
	GlobalSection(ExtensibilityGlobals) = postSolution
		SolutionGuid = {7800E835-3C32-419E-8E6C-FB956761D3DA}
	EndGlobalSection
EndGlobal
